Microsoft Visual Studio Solution File, Format Version 12.00
# Visual Studio Version 17
VisualStudioVersion = 17.5.2.0
MinimumVisualStudioVersion = 10.0.40219.1
Project("{FAE04EC0-301F-11D3-BF4B-00C04F79EFBC}") = "Affinidi-Login-Demo-App", "Affinidi-Login-Demo-App.csproj", "{6ACAD8B5-A0C6-9647-CDC5-1D20CC0EB267}"
EndProject
Global
	GlobalSection(SolutionConfigurationPlatforms) = preSolution
		Debug|Any CPU = Debug|Any CPU
		Release|Any CPU = Release|Any CPU
	EndGlobalSection
	GlobalSection(ProjectConfigurationPlatforms) = postSolution
		{6ACAD8B5-A0C6-9647-CDC5-1D20CC0EB267}.Debug|Any CPU.ActiveCfg = Debug|Any CPU
		{6ACAD8B5-A0C6-9647-CDC5-1D20CC0EB267}.Debug|Any CPU.Build.0 = Debug|Any CPU
		{6ACAD8B5-A0C6-9647-CDC5-1D20CC0EB267}.Release|Any CPU.ActiveCfg = Release|Any CPU
		{6ACAD8B5-A0C6-9647-CDC5-1D20CC0EB267}.Release|Any CPU.Build.0 = Release|Any CPU
	EndGlobalSection
	GlobalSection(SolutionProperties) = preSolution
		HideSolutionNode = FALSE
	EndGlobalSection
	GlobalSection(ExtensibilityGlobals) = postSolution
		SolutionGuid = {601D3699-8E9B-4843-888F-C2F2F130E4C5}
	EndGlobalSection
EndGlobal
